
Microsoft Visual Studio Solution File, Format Version 12.00
# Visual Studio 14
VisualStudioVersion = 14.0.24720.0
MinimumVisualStudioVersion = 10.0.40219.1
Project("{FAE04EC0-301F-11D3-BF4B-00C04F79EFBC}") = "KanbanAPI", "KanbanAPI\KanbanAPI.csproj", "{9C3068F7-2C1B-4A1A-A387-F6DA2EB0E73E}"
EndProject
Project("{FAE04EC0-301F-11D3-BF4B-00C04F79EFBC}") = "KanbanAPI.Tests", "KanbanAPI.Tests\KanbanAPI.Tests.csproj", "{62470958-E68F-46EB-AF93-7ED5A32C96B1}"
EndProject
Project("{E24C65DC-7377-472B-9ABA-BC803B73C61A}") = "Kanban.Web", "Kanban.Web\", "{C6988363-F77D-4E7A-9AC9-E0CEDA921CF3}"
	ProjectSection(WebsiteProperties) = preProject
		TargetFrameworkMoniker = ".NETFramework,Version%3Dv4.5.2"
		Debug.AspNetCompiler.VirtualPath = "/localhost_62037"
		Debug.AspNetCompiler.PhysicalPath = "Kanban.Web\"
		Debug.AspNetCompiler.TargetPath = "PrecompiledWeb\localhost_62037\"
		Debug.AspNetCompiler.Updateable = "true"
		Debug.AspNetCompiler.ForceOverwrite = "true"
		Debug.AspNetCompiler.FixedNames = "false"
		Debug.AspNetCompiler.Debug = "True"
		Release.AspNetCompiler.VirtualPath = "/localhost_62037"
		Release.AspNetCompiler.PhysicalPath = "Kanban.Web\"
		Release.AspNetCompiler.TargetPath = "PrecompiledWeb\localhost_62037\"
		Release.AspNetCompiler.Updateable = "true"
		Release.AspNetCompiler.ForceOverwrite = "true"
		Release.AspNetCompiler.FixedNames = "false"
		Release.AspNetCompiler.Debug = "False"
		VWDPort = "62037"
		DefaultWebSiteLanguage = "Visual C#"
	EndProjectSection
EndProject
Global
	GlobalSection(SolutionConfigurationPlatforms) = preSolution
		Debug|Any CPU = Debug|Any CPU
		Release|Any CPU = Release|Any CPU
	EndGlobalSection
	GlobalSection(ProjectConfigurationPlatforms) = postSolution
		{9C3068F7-2C1B-4A1A-A387-F6DA2EB0E73E}.Debug|Any CPU.ActiveCfg = Debug|Any CPU
		{9C3068F7-2C1B-4A1A-A387-F6DA2EB0E73E}.Debug|Any CPU.Build.0 = Debug|Any CPU
		{9C3068F7-2C1B-4A1A-A387-F6DA2EB0E73E}.Release|Any CPU.ActiveCfg = Release|Any CPU
		{9C3068F7-2C1B-4A1A-A387-F6DA2EB0E73E}.Release|Any CPU.Build.0 = Release|Any CPU
		{62470958-E68F-46EB-AF93-7ED5A32C96B1}.Debug|Any CPU.ActiveCfg = Debug|Any CPU
		{62470958-E68F-46EB-AF93-7ED5A32C96B1}.Debug|Any CPU.Build.0 = Debug|Any CPU
		{62470958-E68F-46EB-AF93-7ED5A32C96B1}.Release|Any CPU.ActiveCfg = Release|Any CPU
		{62470958-E68F-46EB-AF93-7ED5A32C96B1}.Release|Any CPU.Build.0 = Release|Any CPU
		{C6988363-F77D-4E7A-9AC9-E0CEDA921CF3}.Debug|Any CPU.ActiveCfg = Debug|Any CPU
		{C6988363-F77D-4E7A-9AC9-E0CEDA921CF3}.Debug|Any CPU.Build.0 = Debug|Any CPU
		{C6988363-F77D-4E7A-9AC9-E0CEDA921CF3}.Release|Any CPU.ActiveCfg = Debug|Any CPU
		{C6988363-F77D-4E7A-9AC9-E0CEDA921CF3}.Release|Any CPU.Build.0 = Debug|Any CPU
	EndGlobalSection
	GlobalSection(SolutionProperties) = preSolution
		HideSolutionNode = FALSE
	EndGlobalSection
EndGlobal
